// !$*UTF8*$!
{
	archiveVersion = 1;
	classes = {
	};
	objectVersion = 50;
	objects = {

/* Begin PBXBuildFile section */
		422F66CF26F2049400AEFAE0 /* HeadLineNewsWidget.swift in Sources */ = {isa = PBXBuildFile; fileRef = 422F66CE26F2049400AEFAE0 /* HeadLineNewsWidget.swift */; };
		422F66E126F31DAA00AEFAE0 /* Pods_pock_headline_news.framework in Frameworks */ = {isa = PBXBuildFile; fileRef = 491F2E462F4FE6364E918006 /* Pods_pock_headline_news.framework */; };
		422F66E926F31F2900AEFAE0 /* Item.swift in Sources */ = {isa = PBXBuildFile; fileRef = 422F66E826F31F2900AEFAE0 /* Item.swift */; };
		422F66EB26F31F6800AEFAE0 /* RSSParser.swift in Sources */ = {isa = PBXBuildFile; fileRef = 422F66EA26F31F6800AEFAE0 /* RSSParser.swift */; };
		422F66ED26F3A08D00AEFAE0 /* NSColor.swift in Sources */ = {isa = PBXBuildFile; fileRef = 422F66EC26F3A08D00AEFAE0 /* NSColor.swift */; };
		422F66FA26F6191A00AEFAE0 /* HeadlineNewsWidgetPreferencePane.swift in Sources */ = {isa = PBXBuildFile; fileRef = 422F66F826F6191A00AEFAE0 /* HeadlineNewsWidgetPreferencePane.swift */; };
		422F66FB26F6191A00AEFAE0 /* HeadlineNewsWidgetPreferencePane.xib in Resources */ = {isa = PBXBuildFile; fileRef = 422F66F926F6191A00AEFAE0 /* HeadlineNewsWidgetPreferencePane.xib */; };
		422F66FD26F6393D00AEFAE0 /* Preferences.swift in Sources */ = {isa = PBXBuildFile; fileRef = 422F66FC26F6393D00AEFAE0 /* Preferences.swift */; };
		422F670126F6620700AEFAE0 /* HeadLineNewsView.swift in Sources */ = {isa = PBXBuildFile; fileRef = 422F670026F6620700AEFAE0 /* HeadLineNewsView.swift */; };
		422F670426F73D9C00AEFAE0 /* NSViewController.swift in Sources */ = {isa = PBXBuildFile; fileRef = 422F670326F73D9C00AEFAE0 /* NSViewController.swift */; };
/* End PBXBuildFile section */

/* Begin PBXFileReference section */
		1B50FA367070723766DF772C /* Pods-pock_headline_news.release.xcconfig */ = {isa = PBXFileReference; includeInIndex = 1; lastKnownFileType = text.xcconfig; name = "Pods-pock_headline_news.release.xcconfig"; path = "Target Support Files/Pods-pock_headline_news/Pods-pock_headline_news.release.xcconfig"; sourceTree = "<group>"; };
		422F66C426F2020200AEFAE0 /* pock_headline_news.pock */ = {isa = PBXFileReference; explicitFileType = wrapper.cfbundle; includeInIndex = 0; path = pock_headline_news.pock; sourceTree = BUILT_PRODUCTS_DIR; };
		422F66C726F2020200AEFAE0 /* Info.plist */ = {isa = PBXFileReference; lastKnownFileType = text.plist.xml; path = Info.plist; sourceTree = "<group>"; };
		422F66CD26F2049400AEFAE0 /* pock_headline_news-Bridging-Header.h */ = {isa = PBXFileReference; lastKnownFileType = sourcecode.c.h; path = "pock_headline_news-Bridging-Header.h"; sourceTree = "<group>"; };
		422F66CE26F2049400AEFAE0 /* HeadLineNewsWidget.swift */ = {isa = PBXFileReference; lastKnownFileType = sourcecode.swift; path = HeadLineNewsWidget.swift; sourceTree = "<group>"; };
		422F66E826F31F2900AEFAE0 /* Item.swift */ = {isa = PBXFileReference; lastKnownFileType = sourcecode.swift; path = Item.swift; sourceTree = "<group>"; };
		422F66EA26F31F6800AEFAE0 /* RSSParser.swift */ = {isa = PBXFileReference; lastKnownFileType = sourcecode.swift; path = RSSParser.swift; sourceTree = "<group>"; };
		422F66EC26F3A08D00AEFAE0 /* NSColor.swift */ = {isa = PBXFileReference; lastKnownFileType = sourcecode.swift; path = NSColor.swift; sourceTree = "<group>"; };
		422F66F826F6191A00AEFAE0 /* HeadlineNewsWidgetPreferencePane.swift */ = {isa = PBXFileReference; lastKnownFileType = sourcecode.swift; path = HeadlineNewsWidgetPreferencePane.swift; sourceTree = "<group>"; };
		422F66F926F6191A00AEFAE0 /* HeadlineNewsWidgetPreferencePane.xib */ = {isa = PBXFileReference; lastKnownFileType = file.xib; path = HeadlineNewsWidgetPreferencePane.xib; sourceTree = "<group>"; };
		422F66FC26F6393D00AEFAE0 /* Preferences.swift */ = {isa = PBXFileReference; lastKnownFileType = sourcecode.swift; path = Preferences.swift; sourceTree = "<group>"; };
		422F670026F6620700AEFAE0 /* HeadLineNewsView.swift */ = {isa = PBXFileReference; lastKnownFileType = sourcecode.swift; path = HeadLineNewsView.swift; sourceTree = "<group>"; };
		422F670226F6F4D400AEFAE0 /* README.md */ = {isa = PBXFileReference; lastKnownFileType = net.daringfireball.markdown; path = README.md; sourceTree = "<group>"; };
		422F670326F73D9C00AEFAE0 /* NSViewController.swift */ = {isa = PBXFileReference; lastKnownFileType = sourcecode.swift; path = NSViewController.swift; sourceTree = "<group>"; };
		491F2E462F4FE6364E918006 /* Pods_pock_headline_news.framework */ = {isa = PBXFileReference; explicitFileType = wrapper.framework; includeInIndex = 0; path = Pods_pock_headline_news.framework; sourceTree = BUILT_PRODUCTS_DIR; };
		76F407550A6E65EEB6AE811E /* Pods-pock_headline_news.debug.xcconfig */ = {isa = PBXFileReference; includeInIndex = 1; lastKnownFileType = text.xcconfig; name = "Pods-pock_headline_news.debug.xcconfig"; path = "Target Support Files/Pods-pock_headline_news/Pods-pock_headline_news.debug.xcconfig"; sourceTree = "<group>"; };
/* End PBXFileReference section */

/* Begin PBXFrameworksBuildPhase section */
		422F66C126F2020200AEFAE0 /* Frameworks */ = {
			isa = PBXFrameworksBuildPhase;
			buildActionMask = 2147483647;
			files = (
				422F66E126F31DAA00AEFAE0 /* Pods_pock_headline_news.framework in Frameworks */,
			);
			runOnlyForDeploymentPostprocessing = 0;
		};
/* End PBXFrameworksBuildPhase section */

/* Begin PBXGroup section */
		0C8CC030FDFC5B07BF87C570 /* Pods */ = {
			isa = PBXGroup;
			children = (
				76F407550A6E65EEB6AE811E /* Pods-pock_headline_news.debug.xcconfig */,
				1B50FA367070723766DF772C /* Pods-pock_headline_news.release.xcconfig */,
			);
			path = Pods;
			sourceTree = "<group>";
		};
		422F66BB26F2020200AEFAE0 = {
			isa = PBXGroup;
			children = (
				422F66C626F2020200AEFAE0 /* pock_headline_news */,
				422F66C526F2020200AEFAE0 /* Products */,
				0C8CC030FDFC5B07BF87C570 /* Pods */,
				6D840EE9C41293C71BFA9DAE /* Frameworks */,
			);
			sourceTree = "<group>";
		};
		422F66C526F2020200AEFAE0 /* Products */ = {
			isa = PBXGroup;
			children = (
				422F66C426F2020200AEFAE0 /* pock_headline_news.pock */,
			);
			name = Products;
			sourceTree = "<group>";
		};
		422F66C626F2020200AEFAE0 /* pock_headline_news */ = {
			isa = PBXGroup;
			children = (
				422F66C726F2020200AEFAE0 /* Info.plist */,
				422F670226F6F4D400AEFAE0 /* README.md */,
				422F66CD26F2049400AEFAE0 /* pock_headline_news-Bridging-Header.h */,
				422F66EF26F6185200AEFAE0 /* Sources */,
			);
			path = pock_headline_news;
			sourceTree = "<group>";
		};
		422F66EF26F6185200AEFAE0 /* Sources */ = {
			isa = PBXGroup;
			children = (
				422F66CE26F2049400AEFAE0 /* HeadLineNewsWidget.swift */,
				422F670026F6620700AEFAE0 /* HeadLineNewsView.swift */,
				422F66EA26F31F6800AEFAE0 /* RSSParser.swift */,
				422F66F026F6186900AEFAE0 /* Model */,
				422F66F126F6187700AEFAE0 /* Extension */,
				422F66F226F6188700AEFAE0 /* Preferences */,
			);
			path = Sources;
			sourceTree = "<group>";
		};
		422F66F026F6186900AEFAE0 /* Model */ = {
			isa = PBXGroup;
			children = (
				422F66E826F31F2900AEFAE0 /* Item.swift */,
			);
			path = Model;
			sourceTree = "<group>";
		};
		422F66F126F6187700AEFAE0 /* Extension */ = {
			isa = PBXGroup;
			children = (
				422F66EC26F3A08D00AEFAE0 /* NSColor.swift */,
				422F670326F73D9C00AEFAE0 /* NSViewController.swift */,
			);
			path = Extension;
			sourceTree = "<group>";
		};
		422F66F226F6188700AEFAE0 /* Preferences */ = {
			isa = PBXGroup;
			children = (
				422F66FC26F6393D00AEFAE0 /* Preferences.swift */,
				422F66F726F618FE00AEFAE0 /* HeadlineNewsWidgetPreferencePane */,
			);
			path = Preferences;
			sourceTree = "<group>";
		};
		422F66F726F618FE00AEFAE0 /* HeadlineNewsWidgetPreferencePane */ = {
			isa = PBXGroup;
			children = (
				422F66F826F6191A00AEFAE0 /* HeadlineNewsWidgetPreferencePane.swift */,
				422F66F926F6191A00AEFAE0 /* HeadlineNewsWidgetPreferencePane.xib */,
			);
			path = HeadlineNewsWidgetPreferencePane;
			sourceTree = "<group>";
		};
		6D840EE9C41293C71BFA9DAE /* Frameworks */ = {
			isa = PBXGroup;
			children = (
				491F2E462F4FE6364E918006 /* Pods_pock_headline_news.framework */,
			);
			name = Frameworks;
			sourceTree = "<group>";
		};
/* End PBXGroup section */

/* Begin PBXNativeTarget section */
		422F66C326F2020200AEFAE0 /* pock_headline_news */ = {
			isa = PBXNativeTarget;
			buildConfigurationList = 422F66CA26F2020200AEFAE0 /* Build configuration list for PBXNativeTarget "pock_headline_news" */;
			buildPhases = (
				11A13C717E85783C21369828 /* [CP] Check Pods Manifest.lock */,
				422F66C026F2020200AEFAE0 /* Sources */,
				422F66C126F2020200AEFAE0 /* Frameworks */,
				422F66C226F2020200AEFAE0 /* Resources */,
				422F66EE26F3A27400AEFAE0 /* Run SwiftLint */,
				422F66D226F240E300AEFAE0 /* Debug Script */,
			);
			buildRules = (
			);
			dependencies = (
			);
			name = pock_headline_news;
			productName = pock_headline_news;
			productReference = 422F66C426F2020200AEFAE0 /* pock_headline_news.pock */;
			productType = "com.apple.product-type.bundle";
		};
/* End PBXNativeTarget section */

/* Begin PBXProject section */
		422F66BC26F2020200AEFAE0 /* Project object */ = {
			isa = PBXProject;
			attributes = {
				LastUpgradeCheck = 1250;
				TargetAttributes = {
					422F66C326F2020200AEFAE0 = {
						CreatedOnToolsVersion = 12.5.1;
						LastSwiftMigration = 1250;
					};
				};
			};
			buildConfigurationList = 422F66BF26F2020200AEFAE0 /* Build configuration list for PBXProject "pock_headline_news" */;
			compatibilityVersion = "Xcode 9.3";
			developmentRegion = en;
			hasScannedForEncodings = 0;
			knownRegions = (
				en,
				Base,
			);
			mainGroup = 422F66BB26F2020200AEFAE0;
			productRefGroup = 422F66C526F2020200AEFAE0 /* Products */;
			projectDirPath = "";
			projectRoot = "";
			targets = (
				422F66C326F2020200AEFAE0 /* pock_headline_news */,
			);
		};
/* End PBXProject section */

/* Begin PBXResourcesBuildPhase section */
		422F66C226F2020200AEFAE0 /* Resources */ = {
			isa = PBXResourcesBuildPhase;
			buildActionMask = 2147483647;
			files = (
				422F66FB26F6191A00AEFAE0 /* HeadlineNewsWidgetPreferencePane.xib in Resources */,
			);
			runOnlyForDeploymentPostprocessing = 0;
		};
/* End PBXResourcesBuildPhase section */

/* Begin PBXShellScriptBuildPhase section */
		11A13C717E85783C21369828 /* [CP] Check Pods Manifest.lock */ = {
			isa = PBXShellScriptBuildPhase;
			buildActionMask = 2147483647;
			files = (
			);
			inputFileListPaths = (
			);
			inputPaths = (
				"${PODS_PODFILE_DIR_PATH}/Podfile.lock",
				"${PODS_ROOT}/Manifest.lock",
			);
			name = "[CP] Check Pods Manifest.lock";
			outputFileListPaths = (
			);
			outputPaths = (
				"$(DERIVED_FILE_DIR)/Pods-pock_headline_news-checkManifestLockResult.txt",
			);
			runOnlyForDeploymentPostprocessing = 0;
			shellPath = /bin/sh;
			shellScript = "diff \"${PODS_PODFILE_DIR_PATH}/Podfile.lock\" \"${PODS_ROOT}/Manifest.lock\" > /dev/null\nif [ $? != 0 ] ; then\n    # print error to STDERR\n    echo \"error: The sandbox is not in sync with the Podfile.lock. Run 'pod install' or update your CocoaPods installation.\" >&2\n    exit 1\nfi\n# This output is used by Xcode 'outputs' to avoid re-running this script phase.\necho \"SUCCESS\" > \"${SCRIPT_OUTPUT_FILE_0}\"\n";
			showEnvVarsInLog = 0;
		};
		422F66D226F240E300AEFAE0 /* Debug Script */ = {
			isa = PBXShellScriptBuildPhase;
			buildActionMask = 2147483647;
			files = (
			);
			inputFileListPaths = (
			);
			inputPaths = (
			);
			name = "Debug Script";
			outputFileListPaths = (
			);
			outputPaths = (
			);
			runOnlyForDeploymentPostprocessing = 0;
			shellPath = /bin/sh;
			shellScript = "if [ \"${CONFIGURATION}\" == \"Debug\" ]; then\n  echo \"Copying ${PRODUCT_NAME}.pock to destination folder\"\n  cp -r $TARGET_BUILD_DIR/$PRODUCT_NAME.pock ~/Library/Application\\ Support/Pock/Widgets/\nfi\n\n";
		};
		422F66EE26F3A27400AEFAE0 /* Run SwiftLint */ = {
			isa = PBXShellScriptBuildPhase;
			buildActionMask = 2147483647;
			files = (
			);
			inputFileListPaths = (
			);
			inputPaths = (
			);
			name = "Run SwiftLint";
			outputFileListPaths = (
			);
			outputPaths = (
			);
			runOnlyForDeploymentPostprocessing = 0;
			shellPath = /bin/sh;
			shellScript = "if which swiftlint >/dev/null; then\n  swiftlint --fix\n  swiftlint\nelse\n  echo \"warning: SwiftLint not installed, download from https://github.com/realm/SwiftLint\"\nfi\n";
		};
/* End PBXShellScriptBuildPhase section */

/* Begin PBXSourcesBuildPhase section */
		422F66C026F2020200AEFAE0 /* Sources */ = {
			isa = PBXSourcesBuildPhase;
			buildActionMask = 2147483647;
			files = (
				422F66ED26F3A08D00AEFAE0 /* NSColor.swift in Sources */,
				422F670426F73D9C00AEFAE0 /* NSViewController.swift in Sources */,
				422F670126F6620700AEFAE0 /* HeadLineNewsView.swift in Sources */,
				422F66EB26F31F6800AEFAE0 /* RSSParser.swift in Sources */,
				422F66FD26F6393D00AEFAE0 /* Preferences.swift in Sources */,
				422F66FA26F6191A00AEFAE0 /* HeadlineNewsWidgetPreferencePane.swift in Sources */,
				422F66E926F31F2900AEFAE0 /* Item.swift in Sources */,
				422F66CF26F2049400AEFAE0 /* HeadLineNewsWidget.swift in Sources */,
			);
			runOnlyForDeploymentPostprocessing = 0;
		};
/* End PBXSourcesBuildPhase section */

/* Begin XCBuildConfiguration section */
		422F66C826F2020200AEFAE0 /* Debug */ = {
			isa = XCBuildConfiguration;
			buildSettings = {
				ALWAYS_SEARCH_USER_PATHS = NO;
				CLANG_ANALYZER_NONNULL = YES;
				CLANG_ANALYZER_NUMBER_OBJECT_CONVERSION = YES_AGGRESSIVE;
				CLANG_CXX_LANGUAGE_STANDARD = "gnu++14";
				CLANG_CXX_LIBRARY = "libc++";
				CLANG_ENABLE_MODULES = YES;
				CLANG_ENABLE_OBJC_ARC = YES;
				CLANG_ENABLE_OBJC_WEAK = YES;
				CLANG_WARN_BLOCK_CAPTURE_AUTORELEASING = YES;
				CLANG_WARN_BOOL_CONVERSION = YES;
				CLANG_WARN_COMMA = YES;
				CLANG_WARN_CONSTANT_CONVERSION = YES;
				CLANG_WARN_DEPRECATED_OBJC_IMPLEMENTATIONS = YES;
				CLANG_WARN_DIRECT_OBJC_ISA_USAGE = YES_ERROR;
				CLANG_WARN_DOCUMENTATION_COMMENTS = YES;
				CLANG_WARN_EMPTY_BODY = YES;
				CLANG_WARN_ENUM_CONVERSION = YES;
				CLANG_WARN_INFINITE_RECURSION = YES;
				CLANG_WARN_INT_CONVERSION = YES;
				CLANG_WARN_NON_LITERAL_NULL_CONVERSION = YES;
				CLANG_WARN_OBJC_IMPLICIT_RETAIN_SELF = YES;
				CLANG_WARN_OBJC_LITERAL_CONVERSION = YES;
				CLANG_WARN_OBJC_ROOT_CLASS = YES_ERROR;
				CLANG_WARN_QUOTED_INCLUDE_IN_FRAMEWORK_HEADER = YES;
				CLANG_WARN_RANGE_LOOP_ANALYSIS = YES;
				CLANG_WARN_STRICT_PROTOTYPES = YES;
				CLANG_WARN_SUSPICIOUS_MOVE = YES;
				CLANG_WARN_UNGUARDED_AVAILABILITY = YES_AGGRESSIVE;
				CLANG_WARN_UNREACHABLE_CODE = YES;
				CLANG_WARN__DUPLICATE_METHOD_MATCH = YES;
				COPY_PHASE_STRIP = NO;
				DEBUG_INFORMATION_FORMAT = dwarf;
				ENABLE_STRICT_OBJC_MSGSEND = YES;
				ENABLE_TESTABILITY = YES;
				GCC_C_LANGUAGE_STANDARD = gnu11;
				GCC_DYNAMIC_NO_PIC = NO;
				GCC_NO_COMMON_BLOCKS = YES;
				GCC_OPTIMIZATION_LEVEL = 0;
				GCC_PREPROCESSOR_DEFINITIONS = (
					"DEBUG=1",
					"$(inherited)",
				);
				GCC_WARN_64_TO_32_BIT_CONVERSION = YES;
				GCC_WARN_ABOUT_RETURN_TYPE = YES_ERROR;
				GCC_WARN_UNDECLARED_SELECTOR = YES;
				GCC_WARN_UNINITIALIZED_AUTOS = YES_AGGRESSIVE;
				GCC_WARN_UNUSED_FUNCTION = YES;
				GCC_WARN_UNUSED_VARIABLE = YES;
				MACOSX_DEPLOYMENT_TARGET = 11.3;
				MTL_ENABLE_DEBUG_INFO = INCLUDE_SOURCE;
				MTL_FAST_MATH = YES;
				ONLY_ACTIVE_ARCH = YES;
				SDKROOT = macosx;
			};
			name = Debug;
		};
		422F66C926F2020200AEFAE0 /* Release */ = {
			isa = XCBuildConfiguration;
			buildSettings = {
				ALWAYS_SEARCH_USER_PATHS = NO;
				CLANG_ANALYZER_NONNULL = YES;
				CLANG_ANALYZER_NUMBER_OBJECT_CONVERSION = YES_AGGRESSIVE;
				CLANG_CXX_LANGUAGE_STANDARD = "gnu++14";
				CLANG_CXX_LIBRARY = "libc++";
				CLANG_ENABLE_MODULES = YES;
				CLANG_ENABLE_OBJC_ARC = YES;
				CLANG_ENABLE_OBJC_WEAK = YES;
				CLANG_WARN_BLOCK_CAPTURE_AUTORELEASING = YES;
				CLANG_WARN_BOOL_CONVERSION = YES;
				CLANG_WARN_COMMA = YES;
				CLANG_WARN_CONSTANT_CONVERSION = YES;
				CLANG_WARN_DEPRECATED_OBJC_IMPLEMENTATIONS = YES;
				CLANG_WARN_DIRECT_OBJC_ISA_USAGE = YES_ERROR;
				CLANG_WARN_DOCUMENTATION_COMMENTS = YES;
				CLANG_WARN_EMPTY_BODY = YES;
				CLANG_WARN_ENUM_CONVERSION = YES;
				CLANG_WARN_INFINITE_RECURSION = YES;
				CLANG_WARN_INT_CONVERSION = YES;
				CLANG_WARN_NON_LITERAL_NULL_CONVERSION = YES;
				CLANG_WARN_OBJC_IMPLICIT_RETAIN_SELF = YES;
				CLANG_WARN_OBJC_LITERAL_CONVERSION = YES;
				CLANG_WARN_OBJC_ROOT_CLASS = YES_ERROR;
				CLANG_WARN_QUOTED_INCLUDE_IN_FRAMEWORK_HEADER = YES;
				CLANG_WARN_RANGE_LOOP_ANALYSIS = YES;
				CLANG_WARN_STRICT_PROTOTYPES = YES;
				CLANG_WARN_SUSPICIOUS_MOVE = YES;
				CLANG_WARN_UNGUARDED_AVAILABILITY = YES_AGGRESSIVE;
				CLANG_WARN_UNREACHABLE_CODE = YES;
				CLANG_WARN__DUPLICATE_METHOD_MATCH = YES;
				COPY_PHASE_STRIP = NO;
				DEBUG_INFORMATION_FORMAT = "dwarf-with-dsym";
				ENABLE_NS_ASSERTIONS = NO;
				ENABLE_STRICT_OBJC_MSGSEND = YES;
				GCC_C_LANGUAGE_STANDARD = gnu11;
				GCC_NO_COMMON_BLOCKS = YES;
				GCC_WARN_64_TO_32_BIT_CONVERSION = YES;
				GCC_WARN_ABOUT_RETURN_TYPE = YES_ERROR;
				GCC_WARN_UNDECLARED_SELECTOR = YES;
				GCC_WARN_UNINITIALIZED_AUTOS = YES_AGGRESSIVE;
				GCC_WARN_UNUSED_FUNCTION = YES;
				GCC_WARN_UNUSED_VARIABLE = YES;
				MACOSX_DEPLOYMENT_TARGET = 11.3;
				MTL_ENABLE_DEBUG_INFO = NO;
				MTL_FAST_MATH = YES;
				SDKROOT = macosx;
			};
			name = Release;
		};
		422F66CB26F2020200AEFAE0 /* Debug */ = {
			isa = XCBuildConfiguration;
			baseConfigurationReference = 76F407550A6E65EEB6AE811E /* Pods-pock_headline_news.debug.xcconfig */;
			buildSettings = {
				CLANG_ENABLE_MODULES = YES;
				CODE_SIGN_STYLE = Automatic;
				COMBINE_HIDPI_IMAGES = YES;
				DEVELOPMENT_TEAM = WLCQDVKTS9;
				INFOPLIST_FILE = pock_headline_news/Info.plist;
				INSTALL_PATH = "$(LOCAL_LIBRARY_DIR)/Bundles";
				LD_RUNPATH_SEARCH_PATHS = (
					"$(inherited)",
					"@executable_path/../Frameworks",
					"@loader_path/../Frameworks",
				);
				PRODUCT_BUNDLE_IDENTIFIER = "com.p-x9.pock-headline-news";
				PRODUCT_NAME = "$(TARGET_NAME)";
				SKIP_INSTALL = YES;
				SWIFT_OBJC_BRIDGING_HEADER = "pock_headline_news/pock_headline_news-Bridging-Header.h";
				SWIFT_OPTIMIZATION_LEVEL = "-Onone";
				SWIFT_VERSION = 5.0;
				WRAPPER_EXTENSION = pock;
			};
			name = Debug;
		};
		422F66CC26F2020200AEFAE0 /* Release */ = {
			isa = XCBuildConfiguration;
			baseConfigurationReference = 1B50FA367070723766DF772C /* Pods-pock_headline_news.release.xcconfig */;
			buildSettings = {
				CLANG_ENABLE_MODULES = YES;
				CODE_SIGN_STYLE = Automatic;
				COMBINE_HIDPI_IMAGES = YES;
				DEVELOPMENT_TEAM = WLCQDVKTS9;
				INFOPLIST_FILE = pock_headline_news/Info.plist;
				INSTALL_PATH = "$(LOCAL_LIBRARY_DIR)/Bundles";
				LD_RUNPATH_SEARCH_PATHS = (
					"$(inherited)",
					"@executable_path/../Frameworks",
					"@loader_path/../Frameworks",
				);
				PRODUCT_BUNDLE_IDENTIFIER = "com.p-x9.pock-headline-news";
				PRODUCT_NAME = "$(TARGET_NAME)";
				SKIP_INSTALL = YES;
				SWIFT_OBJC_BRIDGING_HEADER = "pock_headline_news/pock_headline_news-Bridging-Header.h";
				SWIFT_VERSION = 5.0;
				WRAPPER_EXTENSION = pock;
			};
			name = Release;
		};
/* End XCBuildConfiguration section */

/* Begin XCConfigurationList section */
		422F66BF26F2020200AEFAE0 /* Build configuration list for PBXProject "pock_headline_news" */ = {
			isa = XCConfigurationList;
			buildConfigurations = (
				422F66C826F2020200AEFAE0 /* Debug */,
				422F66C926F2020200AEFAE0 /* Release */,
			);
			defaultConfigurationIsVisible = 0;
			defaultConfigurationName = Release;
		};
		422F66CA26F2020200AEFAE0 /* Build configuration list for PBXNativeTarget "pock_headline_news" */ = {
			isa = XCConfigurationList;
			buildConfigurations = (
				422F66CB26F2020200AEFAE0 /* Debug */,
				422F66CC26F2020200AEFAE0 /* Release */,
			);
			defaultConfigurationIsVisible = 0;
			defaultConfigurationName = Release;
		};
/* End XCConfigurationList section */
	};
	rootObject = 422F66BC26F2020200AEFAE0 /* Project object */;
}
